// !$*UTF8*$!
{
	archiveVersion = 1;
	classes = {
	};
	objectVersion = 55;
	objects = {

/* Begin PBXBuildFile section */
		FF2D557E2806ED7F007C3350 /* ElipseImages.swift in Sources */ = {isa = PBXBuildFile; fileRef = FF2D557D2806ED7F007C3350 /* ElipseImages.swift */; };
		FF71FB462805A1CF00F2F455 /* AppDelegate.swift in Sources */ = {isa = PBXBuildFile; fileRef = FF71FB452805A1CF00F2F455 /* AppDelegate.swift */; };
		FF71FB482805A1CF00F2F455 /* SceneDelegate.swift in Sources */ = {isa = PBXBuildFile; fileRef = FF71FB472805A1CF00F2F455 /* SceneDelegate.swift */; };
		FF71FB4F2805A1D000F2F455 /* Assets.xcassets in Resources */ = {isa = PBXBuildFile; fileRef = FF71FB4E2805A1D000F2F455 /* Assets.xcassets */; };
		FF71FB5D2805A1D000F2F455 /* Productivity_TimerTests.swift in Sources */ = {isa = PBXBuildFile; fileRef = FF71FB5C2805A1D000F2F455 /* Productivity_TimerTests.swift */; };
		FF71FB672805A1D100F2F455 /* Productivity_TimerUITests.swift in Sources */ = {isa = PBXBuildFile; fileRef = FF71FB662805A1D100F2F455 /* Productivity_TimerUITests.swift */; };
		FF71FB692805A1D100F2F455 /* Productivity_TimerUITestsLaunchTests.swift in Sources */ = {isa = PBXBuildFile; fileRef = FF71FB682805A1D100F2F455 /* Productivity_TimerUITestsLaunchTests.swift */; };
		FF71FB762805A3D200F2F455 /* TimerViewController.swift in Sources */ = {isa = PBXBuildFile; fileRef = FF71FB752805A3D200F2F455 /* TimerViewController.swift */; };
		FF71FB7A2805A40C00F2F455 /* PresetsViewController.swift in Sources */ = {isa = PBXBuildFile; fileRef = FF71FB792805A40C00F2F455 /* PresetsViewController.swift */; };
		FF71FB7E2805A56D00F2F455 /* ColorSets.swift in Sources */ = {isa = PBXBuildFile; fileRef = FF71FB7D2805A56D00F2F455 /* ColorSets.swift */; };
		FF71FB802805ABB700F2F455 /* UIView Extension.swift in Sources */ = {isa = PBXBuildFile; fileRef = FF71FB7F2805ABB700F2F455 /* UIView Extension.swift */; };
/* End PBXBuildFile section */

/* Begin PBXContainerItemProxy section */
		FF71FB592805A1D000F2F455 /* PBXContainerItemProxy */ = {
			isa = PBXContainerItemProxy;
			containerPortal = FF71FB3A2805A1CF00F2F455 /* Project object */;
			proxyType = 1;
			remoteGlobalIDString = FF71FB412805A1CF00F2F455;
			remoteInfo = "Productivity Timer";
		};
		FF71FB632805A1D100F2F455 /* PBXContainerItemProxy */ = {
			isa = PBXContainerItemProxy;
			containerPortal = FF71FB3A2805A1CF00F2F455 /* Project object */;
			proxyType = 1;
			remoteGlobalIDString = FF71FB412805A1CF00F2F455;
			remoteInfo = "Productivity Timer";
		};
/* End PBXContainerItemProxy section */

/* Begin PBXFileReference section */
		FF2D557D2806ED7F007C3350 /* ElipseImages.swift */ = {isa = PBXFileReference; lastKnownFileType = sourcecode.swift; path = ElipseImages.swift; sourceTree = "<group>"; };
		FF71FB422805A1CF00F2F455 /* Productivity Timer.app */ = {isa = PBXFileReference; explicitFileType = wrapper.application; includeInIndex = 0; path = "Productivity Timer.app"; sourceTree = BUILT_PRODUCTS_DIR; };
		FF71FB452805A1CF00F2F455 /* AppDelegate.swift */ = {isa = PBXFileReference; lastKnownFileType = sourcecode.swift; path = AppDelegate.swift; sourceTree = "<group>"; };
		FF71FB472805A1CF00F2F455 /* SceneDelegate.swift */ = {isa = PBXFileReference; lastKnownFileType = sourcecode.swift; path = SceneDelegate.swift; sourceTree = "<group>"; };
		FF71FB4E2805A1D000F2F455 /* Assets.xcassets */ = {isa = PBXFileReference; lastKnownFileType = folder.assetcatalog; path = Assets.xcassets; sourceTree = "<group>"; };
		FF71FB532805A1D000F2F455 /* Info.plist */ = {isa = PBXFileReference; lastKnownFileType = text.plist.xml; path = Info.plist; sourceTree = "<group>"; };
		FF71FB582805A1D000F2F455 /* Productivity TimerTests.xctest */ = {isa = PBXFileReference; explicitFileType = wrapper.cfbundle; includeInIndex = 0; path = "Productivity TimerTests.xctest"; sourceTree = BUILT_PRODUCTS_DIR; };
		FF71FB5C2805A1D000F2F455 /* Productivity_TimerTests.swift */ = {isa = PBXFileReference; lastKnownFileType = sourcecode.swift; path = Productivity_TimerTests.swift; sourceTree = "<group>"; };
		FF71FB622805A1D100F2F455 /* Productivity TimerUITests.xctest */ = {isa = PBXFileReference; explicitFileType = wrapper.cfbundle; includeInIndex = 0; path = "Productivity TimerUITests.xctest"; sourceTree = BUILT_PRODUCTS_DIR; };
		FF71FB662805A1D100F2F455 /* Productivity_TimerUITests.swift */ = {isa = PBXFileReference; lastKnownFileType = sourcecode.swift; path = Productivity_TimerUITests.swift; sourceTree = "<group>"; };
		FF71FB682805A1D100F2F455 /* Productivity_TimerUITestsLaunchTests.swift */ = {isa = PBXFileReference; lastKnownFileType = sourcecode.swift; path = Productivity_TimerUITestsLaunchTests.swift; sourceTree = "<group>"; };
		FF71FB752805A3D200F2F455 /* TimerViewController.swift */ = {isa = PBXFileReference; lastKnownFileType = sourcecode.swift; path = TimerViewController.swift; sourceTree = "<group>"; };
		FF71FB792805A40C00F2F455 /* PresetsViewController.swift */ = {isa = PBXFileReference; lastKnownFileType = sourcecode.swift; path = PresetsViewController.swift; sourceTree = "<group>"; };
		FF71FB7D2805A56D00F2F455 /* ColorSets.swift */ = {isa = PBXFileReference; lastKnownFileType = sourcecode.swift; path = ColorSets.swift; sourceTree = "<group>"; };
		FF71FB7F2805ABB700F2F455 /* UIView Extension.swift */ = {isa = PBXFileReference; lastKnownFileType = sourcecode.swift; path = "UIView Extension.swift"; sourceTree = "<group>"; };
/* End PBXFileReference section */

/* Begin PBXFrameworksBuildPhase section */
		FF71FB3F2805A1CF00F2F455 /* Frameworks */ = {
			isa = PBXFrameworksBuildPhase;
			buildActionMask = 2147483647;
			files = (
			);
			runOnlyForDeploymentPostprocessing = 0;
		};
		FF71FB552805A1D000F2F455 /* Frameworks */ = {
			isa = PBXFrameworksBuildPhase;
			buildActionMask = 2147483647;
			files = (
			);
			runOnlyForDeploymentPostprocessing = 0;
		};
		FF71FB5F2805A1D100F2F455 /* Frameworks */ = {
			isa = PBXFrameworksBuildPhase;
			buildActionMask = 2147483647;
			files = (
			);
			runOnlyForDeploymentPostprocessing = 0;
		};
/* End PBXFrameworksBuildPhase section */

/* Begin PBXGroup section */
		FF06E8882809A27900907F1B /* Model */ = {
			isa = PBXGroup;
			children = (
			);
			path = Model;
			sourceTree = "<group>";
		};
		FF06E8892809A28700907F1B /* View */ = {
			isa = PBXGroup;
			children = (
			);
			path = View;
			sourceTree = "<group>";
		};
		FF06E88A2809A28E00907F1B /* Controller */ = {
			isa = PBXGroup;
			children = (
				FF71FB452805A1CF00F2F455 /* AppDelegate.swift */,
				FF71FB472805A1CF00F2F455 /* SceneDelegate.swift */,
			);
			path = Controller;
			sourceTree = "<group>";
		};
		FF06E88B2809A2A900907F1B /* Application */ = {
			isa = PBXGroup;
			children = (
				FF06E8882809A27900907F1B /* Model */,
				FF06E8892809A28700907F1B /* View */,
				FF06E88A2809A28E00907F1B /* Controller */,
			);
			path = Application;
			sourceTree = "<group>";
		};
		FF06E88D2809A30900907F1B /* Timer */ = {
			isa = PBXGroup;
			children = (
				FF06E88E2809A31400907F1B /* Model */,
				FF06E88F2809A31B00907F1B /* View */,
				FF06E8902809A32000907F1B /* Controller */,
			);
			path = Timer;
			sourceTree = "<group>";
		};
		FF06E88E2809A31400907F1B /* Model */ = {
			isa = PBXGroup;
			children = (
				FF2D557D2806ED7F007C3350 /* ElipseImages.swift */,
				FF71FB7D2805A56D00F2F455 /* ColorSets.swift */,
			);
			path = Model;
			sourceTree = "<group>";
		};
		FF06E88F2809A31B00907F1B /* View */ = {
			isa = PBXGroup;
			children = (
			);
			path = View;
			sourceTree = "<group>";
		};
		FF06E8902809A32000907F1B /* Controller */ = {
			isa = PBXGroup;
			children = (
				FF71FB752805A3D200F2F455 /* TimerViewController.swift */,
			);
			path = Controller;
			sourceTree = "<group>";
		};
		FF06E8912809A36500907F1B /* Supporting Files */ = {
			isa = PBXGroup;
			children = (
				FF71FB532805A1D000F2F455 /* Info.plist */,
				FF71FB4E2805A1D000F2F455 /* Assets.xcassets */,
			);
			path = "Supporting Files";
			sourceTree = "<group>";
		};
		FF06E8922809A8D600907F1B /* Activities */ = {
			isa = PBXGroup;
			children = (
				FF06E8952809A8EF00907F1B /* Model */,
				FF06E8942809A8EB00907F1B /* View */,
				FF06E8932809A8DE00907F1B /* Controller */,
			);
			path = Activities;
			sourceTree = "<group>";
		};
		FF06E8932809A8DE00907F1B /* Controller */ = {
			isa = PBXGroup;
			children = (
				FF71FB792805A40C00F2F455 /* PresetsViewController.swift */,
			);
			path = Controller;
			sourceTree = "<group>";
		};
		FF06E8942809A8EB00907F1B /* View */ = {
			isa = PBXGroup;
			children = (
			);
			path = View;
			sourceTree = "<group>";
		};
		FF06E8952809A8EF00907F1B /* Model */ = {
			isa = PBXGroup;
			children = (
			);
			path = Model;
			sourceTree = "<group>";
		};
		FF71FB392805A1CF00F2F455 = {
			isa = PBXGroup;
			children = (
				FF71FB442805A1CF00F2F455 /* Productivity Timer */,
				FF71FB5B2805A1D000F2F455 /* Productivity TimerTests */,
				FF71FB652805A1D100F2F455 /* Productivity TimerUITests */,
				FF71FB432805A1CF00F2F455 /* Products */,
			);
			sourceTree = "<group>";
		};
		FF71FB432805A1CF00F2F455 /* Products */ = {
			isa = PBXGroup;
			children = (
				FF71FB422805A1CF00F2F455 /* Productivity Timer.app */,
				FF71FB582805A1D000F2F455 /* Productivity TimerTests.xctest */,
				FF71FB622805A1D100F2F455 /* Productivity TimerUITests.xctest */,
			);
			name = Products;
			sourceTree = "<group>";
		};
		FF71FB442805A1CF00F2F455 /* Productivity Timer */ = {
			isa = PBXGroup;
			children = (
				FF06E88B2809A2A900907F1B /* Application */,
				FF06E88D2809A30900907F1B /* Timer */,
				FF06E8922809A8D600907F1B /* Activities */,
				FF71FB832805B26000F2F455 /* Extensions */,
				FF06E8912809A36500907F1B /* Supporting Files */,
			);
			path = "Productivity Timer";
			sourceTree = "<group>";
		};
		FF71FB5B2805A1D000F2F455 /* Productivity TimerTests */ = {
			isa = PBXGroup;
			children = (
				FF71FB5C2805A1D000F2F455 /* Productivity_TimerTests.swift */,
			);
			path = "Productivity TimerTests";
			sourceTree = "<group>";
		};
		FF71FB652805A1D100F2F455 /* Productivity TimerUITests */ = {
			isa = PBXGroup;
			children = (
				FF71FB662805A1D100F2F455 /* Productivity_TimerUITests.swift */,
				FF71FB682805A1D100F2F455 /* Productivity_TimerUITestsLaunchTests.swift */,
			);
			path = "Productivity TimerUITests";
			sourceTree = "<group>";
		};
		FF71FB832805B26000F2F455 /* Extensions */ = {
			isa = PBXGroup;
			children = (
				FF71FB7F2805ABB700F2F455 /* UIView Extension.swift */,
			);
			path = Extensions;
			sourceTree = "<group>";
		};
/* End PBXGroup section */

/* Begin PBXNativeTarget section */
		FF71FB412805A1CF00F2F455 /* Productivity Timer */ = {
			isa = PBXNativeTarget;
			buildConfigurationList = FF71FB6C2805A1D100F2F455 /* Build configuration list for PBXNativeTarget "Productivity Timer" */;
			buildPhases = (
				FF71FB3E2805A1CF00F2F455 /* Sources */,
				FF71FB3F2805A1CF00F2F455 /* Frameworks */,
				FF71FB402805A1CF00F2F455 /* Resources */,
			);
			buildRules = (
			);
			dependencies = (
			);
			name = "Productivity Timer";
			productName = "Productivity Timer";
			productReference = FF71FB422805A1CF00F2F455 /* Productivity Timer.app */;
			productType = "com.apple.product-type.application";
		};
		FF71FB572805A1D000F2F455 /* Productivity TimerTests */ = {
			isa = PBXNativeTarget;
			buildConfigurationList = FF71FB6F2805A1D100F2F455 /* Build configuration list for PBXNativeTarget "Productivity TimerTests" */;
			buildPhases = (
				FF71FB542805A1D000F2F455 /* Sources */,
				FF71FB552805A1D000F2F455 /* Frameworks */,
				FF71FB562805A1D000F2F455 /* Resources */,
			);
			buildRules = (
			);
			dependencies = (
				FF71FB5A2805A1D000F2F455 /* PBXTargetDependency */,
			);
			name = "Productivity TimerTests";
			productName = "Productivity TimerTests";
			productReference = FF71FB582805A1D000F2F455 /* Productivity TimerTests.xctest */;
			productType = "com.apple.product-type.bundle.unit-test";
		};
		FF71FB612805A1D100F2F455 /* Productivity TimerUITests */ = {
			isa = PBXNativeTarget;
			buildConfigurationList = FF71FB722805A1D100F2F455 /* Build configuration list for PBXNativeTarget "Productivity TimerUITests" */;
			buildPhases = (
				FF71FB5E2805A1D100F2F455 /* Sources */,
				FF71FB5F2805A1D100F2F455 /* Frameworks */,
				FF71FB602805A1D100F2F455 /* Resources */,
			);
			buildRules = (
			);
			dependencies = (
				FF71FB642805A1D100F2F455 /* PBXTargetDependency */,
			);
			name = "Productivity TimerUITests";
			productName = "Productivity TimerUITests";
			productReference = FF71FB622805A1D100F2F455 /* Productivity TimerUITests.xctest */;
			productType = "com.apple.product-type.bundle.ui-testing";
		};
/* End PBXNativeTarget section */

/* Begin PBXProject section */
		FF71FB3A2805A1CF00F2F455 /* Project object */ = {
			isa = PBXProject;
			attributes = {
				BuildIndependentTargetsInParallel = 1;
				LastSwiftUpdateCheck = 1320;
				LastUpgradeCheck = 1320;
				TargetAttributes = {
					FF71FB412805A1CF00F2F455 = {
						CreatedOnToolsVersion = 13.2.1;
					};
					FF71FB572805A1D000F2F455 = {
						CreatedOnToolsVersion = 13.2.1;
						TestTargetID = FF71FB412805A1CF00F2F455;
					};
					FF71FB612805A1D100F2F455 = {
						CreatedOnToolsVersion = 13.2.1;
						TestTargetID = FF71FB412805A1CF00F2F455;
					};
				};
			};
			buildConfigurationList = FF71FB3D2805A1CF00F2F455 /* Build configuration list for PBXProject "Productivity Timer" */;
			compatibilityVersion = "Xcode 13.0";
			developmentRegion = en;
			hasScannedForEncodings = 0;
			knownRegions = (
				en,
				Base,
			);
			mainGroup = FF71FB392805A1CF00F2F455;
			productRefGroup = FF71FB432805A1CF00F2F455 /* Products */;
			projectDirPath = "";
			projectRoot = "";
			targets = (
				FF71FB412805A1CF00F2F455 /* Productivity Timer */,
				FF71FB572805A1D000F2F455 /* Productivity TimerTests */,
				FF71FB612805A1D100F2F455 /* Productivity TimerUITests */,
			);
		};
/* End PBXProject section */

/* Begin PBXResourcesBuildPhase section */
		FF71FB402805A1CF00F2F455 /* Resources */ = {
			isa = PBXResourcesBuildPhase;
			buildActionMask = 2147483647;
			files = (
				FF71FB4F2805A1D000F2F455 /* Assets.xcassets in Resources */,
			);
			runOnlyForDeploymentPostprocessing = 0;
		};
		FF71FB562805A1D000F2F455 /* Resources */ = {
			isa = PBXResourcesBuildPhase;
			buildActionMask = 2147483647;
			files = (
			);
			runOnlyForDeploymentPostprocessing = 0;
		};
		FF71FB602805A1D100F2F455 /* Resources */ = {
			isa = PBXResourcesBuildPhase;
			buildActionMask = 2147483647;
			files = (
			);
			runOnlyForDeploymentPostprocessing = 0;
		};
/* End PBXResourcesBuildPhase section */

/* Begin PBXSourcesBuildPhase section */
		FF71FB3E2805A1CF00F2F455 /* Sources */ = {
			isa = PBXSourcesBuildPhase;
			buildActionMask = 2147483647;
			files = (
				FF71FB7A2805A40C00F2F455 /* PresetsViewController.swift in Sources */,
				FF71FB762805A3D200F2F455 /* TimerViewController.swift in Sources */,
				FF71FB802805ABB700F2F455 /* UIView Extension.swift in Sources */,
				FF71FB462805A1CF00F2F455 /* AppDelegate.swift in Sources */,
				FF2D557E2806ED7F007C3350 /* ElipseImages.swift in Sources */,
				FF71FB7E2805A56D00F2F455 /* ColorSets.swift in Sources */,
				FF71FB482805A1CF00F2F455 /* SceneDelegate.swift in Sources */,
			);
			runOnlyForDeploymentPostprocessing = 0;
		};
		FF71FB542805A1D000F2F455 /* Sources */ = {
			isa = PBXSourcesBuildPhase;
			buildActionMask = 2147483647;
			files = (
				FF71FB5D2805A1D000F2F455 /* Productivity_TimerTests.swift in Sources */,
			);
			runOnlyForDeploymentPostprocessing = 0;
		};
		FF71FB5E2805A1D100F2F455 /* Sources */ = {
			isa = PBXSourcesBuildPhase;
			buildActionMask = 2147483647;
			files = (
				FF71FB692805A1D100F2F455 /* Productivity_TimerUITestsLaunchTests.swift in Sources */,
				FF71FB672805A1D100F2F455 /* Productivity_TimerUITests.swift in Sources */,
			);
			runOnlyForDeploymentPostprocessing = 0;
		};
/* End PBXSourcesBuildPhase section */

/* Begin PBXTargetDependency section */
		FF71FB5A2805A1D000F2F455 /* PBXTargetDependency */ = {
			isa = PBXTargetDependency;
			target = FF71FB412805A1CF00F2F455 /* Productivity Timer */;
			targetProxy = FF71FB592805A1D000F2F455 /* PBXContainerItemProxy */;
		};
		FF71FB642805A1D100F2F455 /* PBXTargetDependency */ = {
			isa = PBXTargetDependency;
			target = FF71FB412805A1CF00F2F455 /* Productivity Timer */;
			targetProxy = FF71FB632805A1D100F2F455 /* PBXContainerItemProxy */;
		};
/* End PBXTargetDependency section */

/* Begin XCBuildConfiguration section */
		FF71FB6A2805A1D100F2F455 /* Debug */ = {
			isa = XCBuildConfiguration;
			buildSettings = {
				ALWAYS_SEARCH_USER_PATHS = NO;
				CLANG_ANALYZER_NONNULL = YES;
				CLANG_ANALYZER_NUMBER_OBJECT_CONVERSION = YES_AGGRESSIVE;
				CLANG_CXX_LANGUAGE_STANDARD = "gnu++17";
				CLANG_CXX_LIBRARY = "libc++";
				CLANG_ENABLE_MODULES = YES;
				CLANG_ENABLE_OBJC_ARC = YES;
				CLANG_ENABLE_OBJC_WEAK = YES;
				CLANG_WARN_BLOCK_CAPTURE_AUTORELEASING = YES;
				CLANG_WARN_BOOL_CONVERSION = YES;
				CLANG_WARN_COMMA = YES;
				CLANG_WARN_CONSTANT_CONVERSION = YES;
				CLANG_WARN_DEPRECATED_OBJC_IMPLEMENTATIONS = YES;
				CLANG_WARN_DIRECT_OBJC_ISA_USAGE = YES_ERROR;
				CLANG_WARN_DOCUMENTATION_COMMENTS = YES;
				CLANG_WARN_EMPTY_BODY = YES;
				CLANG_WARN_ENUM_CONVERSION = YES;
				CLANG_WARN_INFINITE_RECURSION = YES;
				CLANG_WARN_INT_CONVERSION = YES;
				CLANG_WARN_NON_LITERAL_NULL_CONVERSION = YES;
				CLANG_WARN_OBJC_IMPLICIT_RETAIN_SELF = YES;
				CLANG_WARN_OBJC_LITERAL_CONVERSION = YES;
				CLANG_WARN_OBJC_ROOT_CLASS = YES_ERROR;
				CLANG_WARN_QUOTED_INCLUDE_IN_FRAMEWORK_HEADER = YES;
				CLANG_WARN_RANGE_LOOP_ANALYSIS = YES;
				CLANG_WARN_STRICT_PROTOTYPES = YES;
				CLANG_WARN_SUSPICIOUS_MOVE = YES;
				CLANG_WARN_UNGUARDED_AVAILABILITY = YES_AGGRESSIVE;
				CLANG_WARN_UNREACHABLE_CODE = YES;
				CLANG_WARN__DUPLICATE_METHOD_MATCH = YES;
				COPY_PHASE_STRIP = NO;
				DEBUG_INFORMATION_FORMAT = dwarf;
				ENABLE_STRICT_OBJC_MSGSEND = YES;
				ENABLE_TESTABILITY = YES;
				GCC_C_LANGUAGE_STANDARD = gnu11;
				GCC_DYNAMIC_NO_PIC = NO;
				GCC_NO_COMMON_BLOCKS = YES;
				GCC_OPTIMIZATION_LEVEL = 0;
				GCC_PREPROCESSOR_DEFINITIONS = (
					"DEBUG=1",
					"$(inherited)",
				);
				GCC_WARN_64_TO_32_BIT_CONVERSION = YES;
				GCC_WARN_ABOUT_RETURN_TYPE = YES_ERROR;
				GCC_WARN_UNDECLARED_SELECTOR = YES;
				GCC_WARN_UNINITIALIZED_AUTOS = YES_AGGRESSIVE;
				GCC_WARN_UNUSED_FUNCTION = YES;
				GCC_WARN_UNUSED_VARIABLE = YES;
				IPHONEOS_DEPLOYMENT_TARGET = 15.2;
				MTL_ENABLE_DEBUG_INFO = INCLUDE_SOURCE;
				MTL_FAST_MATH = YES;
				ONLY_ACTIVE_ARCH = YES;
				SDKROOT = iphoneos;
				SWIFT_ACTIVE_COMPILATION_CONDITIONS = DEBUG;
				SWIFT_OPTIMIZATION_LEVEL = "-Onone";
			};
			name = Debug;
		};
		FF71FB6B2805A1D100F2F455 /* Release */ = {
			isa = XCBuildConfiguration;
			buildSettings = {
				ALWAYS_SEARCH_USER_PATHS = NO;
				CLANG_ANALYZER_NONNULL = YES;
				CLANG_ANALYZER_NUMBER_OBJECT_CONVERSION = YES_AGGRESSIVE;
				CLANG_CXX_LANGUAGE_STANDARD = "gnu++17";
				CLANG_CXX_LIBRARY = "libc++";
				CLANG_ENABLE_MODULES = YES;
				CLANG_ENABLE_OBJC_ARC = YES;
				CLANG_ENABLE_OBJC_WEAK = YES;
				CLANG_WARN_BLOCK_CAPTURE_AUTORELEASING = YES;
				CLANG_WARN_BOOL_CONVERSION = YES;
				CLANG_WARN_COMMA = YES;
				CLANG_WARN_CONSTANT_CONVERSION = YES;
				CLANG_WARN_DEPRECATED_OBJC_IMPLEMENTATIONS = YES;
				CLANG_WARN_DIRECT_OBJC_ISA_USAGE = YES_ERROR;
				CLANG_WARN_DOCUMENTATION_COMMENTS = YES;
				CLANG_WARN_EMPTY_BODY = YES;
				CLANG_WARN_ENUM_CONVERSION = YES;
				CLANG_WARN_INFINITE_RECURSION = YES;
				CLANG_WARN_INT_CONVERSION = YES;
				CLANG_WARN_NON_LITERAL_NULL_CONVERSION = YES;
				CLANG_WARN_OBJC_IMPLICIT_RETAIN_SELF = YES;
				CLANG_WARN_OBJC_LITERAL_CONVERSION = YES;
				CLANG_WARN_OBJC_ROOT_CLASS = YES_ERROR;
				CLANG_WARN_QUOTED_INCLUDE_IN_FRAMEWORK_HEADER = YES;
				CLANG_WARN_RANGE_LOOP_ANALYSIS = YES;
				CLANG_WARN_STRICT_PROTOTYPES = YES;
				CLANG_WARN_SUSPICIOUS_MOVE = YES;
				CLANG_WARN_UNGUARDED_AVAILABILITY = YES_AGGRESSIVE;
				CLANG_WARN_UNREACHABLE_CODE = YES;
				CLANG_WARN__DUPLICATE_METHOD_MATCH = YES;
				COPY_PHASE_STRIP = NO;
				DEBUG_INFORMATION_FORMAT = "dwarf-with-dsym";
				ENABLE_NS_ASSERTIONS = NO;
				ENABLE_STRICT_OBJC_MSGSEND = YES;
				GCC_C_LANGUAGE_STANDARD = gnu11;
				GCC_NO_COMMON_BLOCKS = YES;
				GCC_WARN_64_TO_32_BIT_CONVERSION = YES;
				GCC_WARN_ABOUT_RETURN_TYPE = YES_ERROR;
				GCC_WARN_UNDECLARED_SELECTOR = YES;
				GCC_WARN_UNINITIALIZED_AUTOS = YES_AGGRESSIVE;
				GCC_WARN_UNUSED_FUNCTION = YES;
				GCC_WARN_UNUSED_VARIABLE = YES;
				IPHONEOS_DEPLOYMENT_TARGET = 15.2;
				MTL_ENABLE_DEBUG_INFO = NO;
				MTL_FAST_MATH = YES;
				SDKROOT = iphoneos;
				SWIFT_COMPILATION_MODE = wholemodule;
				SWIFT_OPTIMIZATION_LEVEL = "-O";
				VALIDATE_PRODUCT = YES;
			};
			name = Release;
		};
		FF71FB6D2805A1D100F2F455 /* Debug */ = {
			isa = XCBuildConfiguration;
			buildSettings = {
				ASSETCATALOG_COMPILER_APPICON_NAME = AppIcon;
				ASSETCATALOG_COMPILER_GLOBAL_ACCENT_COLOR_NAME = AccentColor;
				CODE_SIGN_STYLE = Automatic;
				CURRENT_PROJECT_VERSION = 1;
				DEVELOPMENT_TEAM = 8BB94GY59F;
				GENERATE_INFOPLIST_FILE = YES;
				INFOPLIST_FILE = "Productivity Timer/Supporting Files/Info.plist";
				INFOPLIST_KEY_UIApplicationSupportsIndirectInputEvents = YES;
				INFOPLIST_KEY_UILaunchStoryboardName = LaunchScreen;
				INFOPLIST_KEY_UISupportedInterfaceOrientations = UIInterfaceOrientationPortrait;
				INFOPLIST_KEY_UISupportedInterfaceOrientations_iPad = "UIInterfaceOrientationPortrait UIInterfaceOrientationPortraitUpsideDown UIInterfaceOrientationLandscapeLeft UIInterfaceOrientationLandscapeRight";
				INFOPLIST_KEY_UISupportedInterfaceOrientations_iPhone = "UIInterfaceOrientationPortrait UIInterfaceOrientationLandscapeLeft UIInterfaceOrientationLandscapeRight";
				LD_RUNPATH_SEARCH_PATHS = (
					"$(inherited)",
					"@executable_path/Frameworks",
				);
				MARKETING_VERSION = 1.0;
				PRODUCT_BUNDLE_IDENTIFIER = "test.Productivity-Timer";
				PRODUCT_NAME = "$(TARGET_NAME)";
				SWIFT_EMIT_LOC_STRINGS = YES;
				SWIFT_VERSION = 5.0;
				TARGETED_DEVICE_FAMILY = 1;
			};
			name = Debug;
		};
		FF71FB6E2805A1D100F2F455 /* Release */ = {
			isa = XCBuildConfiguration;
			buildSettings = {
				ASSETCATALOG_COMPILER_APPICON_NAME = AppIcon;
				ASSETCATALOG_COMPILER_GLOBAL_ACCENT_COLOR_NAME = AccentColor;
				CODE_SIGN_STYLE = Automatic;
				CURRENT_PROJECT_VERSION = 1;
				DEVELOPMENT_TEAM = 8BB94GY59F;
				GENERATE_INFOPLIST_FILE = YES;
				INFOPLIST_FILE = "Productivity Timer/Supporting Files/Info.plist";
				INFOPLIST_KEY_UIApplicationSupportsIndirectInputEvents = YES;
				INFOPLIST_KEY_UILaunchStoryboardName = LaunchScreen;
				INFOPLIST_KEY_UISupportedInterfaceOrientations = UIInterfaceOrientationPortrait;
				INFOPLIST_KEY_UISupportedInterfaceOrientations_iPad = "UIInterfaceOrientationPortrait UIInterfaceOrientationPortraitUpsideDown UIInterfaceOrientationLandscapeLeft UIInterfaceOrientationLandscapeRight";
				INFOPLIST_KEY_UISupportedInterfaceOrientations_iPhone = "UIInterfaceOrientationPortrait UIInterfaceOrientationLandscapeLeft UIInterfaceOrientationLandscapeRight";
				LD_RUNPATH_SEARCH_PATHS = (
					"$(inherited)",
					"@executable_path/Frameworks",
				);
				MARKETING_VERSION = 1.0;
				PRODUCT_BUNDLE_IDENTIFIER = "test.Productivity-Timer";
				PRODUCT_NAME = "$(TARGET_NAME)";
				SWIFT_EMIT_LOC_STRINGS = YES;
				SWIFT_VERSION = 5.0;
				TARGETED_DEVICE_FAMILY = 1;
			};
			name = Release;
		};
		FF71FB702805A1D100F2F455 /* Debug */ = {
			isa = XCBuildConfiguration;
			buildSettings = {
				ALWAYS_EMBED_SWIFT_STANDARD_LIBRARIES = YES;
				BUNDLE_LOADER = "$(TEST_HOST)";
				CODE_SIGN_STYLE = Automatic;
				CURRENT_PROJECT_VERSION = 1;
				DEVELOPMENT_TEAM = 8BB94GY59F;
				GENERATE_INFOPLIST_FILE = YES;
				IPHONEOS_DEPLOYMENT_TARGET = 15.2;
				MARKETING_VERSION = 1.0;
				PRODUCT_BUNDLE_IDENTIFIER = "test.Productivity-TimerTests";
				PRODUCT_NAME = "$(TARGET_NAME)";
				SWIFT_EMIT_LOC_STRINGS = NO;
				SWIFT_VERSION = 5.0;
				TARGETED_DEVICE_FAMILY = "1,2";
				TEST_HOST = "$(BUILT_PRODUCTS_DIR)/Productivity Timer.app/Productivity Timer";
			};
			name = Debug;
		};
		FF71FB712805A1D100F2F455 /* Release */ = {
			isa = XCBuildConfiguration;
			buildSettings = {
				ALWAYS_EMBED_SWIFT_STANDARD_LIBRARIES = YES;
				BUNDLE_LOADER = "$(TEST_HOST)";
				CODE_SIGN_STYLE = Automatic;
				CURRENT_PROJECT_VERSION = 1;
				DEVELOPMENT_TEAM = 8BB94GY59F;
				GENERATE_INFOPLIST_FILE = YES;
				IPHONEOS_DEPLOYMENT_TARGET = 15.2;
				MARKETING_VERSION = 1.0;
				PRODUCT_BUNDLE_IDENTIFIER = "test.Productivity-TimerTests";
				PRODUCT_NAME = "$(TARGET_NAME)";
				SWIFT_EMIT_LOC_STRINGS = NO;
				SWIFT_VERSION = 5.0;
				TARGETED_DEVICE_FAMILY = "1,2";
				TEST_HOST = "$(BUILT_PRODUCTS_DIR)/Productivity Timer.app/Productivity Timer";
			};
			name = Release;
		};
		FF71FB732805A1D100F2F455 /* Debug */ = {
			isa = XCBuildConfiguration;
			buildSettings = {
				ALWAYS_EMBED_SWIFT_STANDARD_LIBRARIES = YES;
				CODE_SIGN_STYLE = Automatic;
				CURRENT_PROJECT_VERSION = 1;
				DEVELOPMENT_TEAM = 8BB94GY59F;
				GENERATE_INFOPLIST_FILE = YES;
				MARKETING_VERSION = 1.0;
				PRODUCT_BUNDLE_IDENTIFIER = "test.Productivity-TimerUITests";
				PRODUCT_NAME = "$(TARGET_NAME)";
				SWIFT_EMIT_LOC_STRINGS = NO;
				SWIFT_VERSION = 5.0;
				TARGETED_DEVICE_FAMILY = "1,2";
				TEST_TARGET_NAME = "Productivity Timer";
			};
			name = Debug;
		};
		FF71FB742805A1D100F2F455 /* Release */ = {
			isa = XCBuildConfiguration;
			buildSettings = {
				ALWAYS_EMBED_SWIFT_STANDARD_LIBRARIES = YES;
				CODE_SIGN_STYLE = Automatic;
				CURRENT_PROJECT_VERSION = 1;
				DEVELOPMENT_TEAM = 8BB94GY59F;
				GENERATE_INFOPLIST_FILE = YES;
				MARKETING_VERSION = 1.0;
				PRODUCT_BUNDLE_IDENTIFIER = "test.Productivity-TimerUITests";
				PRODUCT_NAME = "$(TARGET_NAME)";
				SWIFT_EMIT_LOC_STRINGS = NO;
				SWIFT_VERSION = 5.0;
				TARGETED_DEVICE_FAMILY = "1,2";
				TEST_TARGET_NAME = "Productivity Timer";
			};
			name = Release;
		};
/* End XCBuildConfiguration section */

/* Begin XCConfigurationList section */
		FF71FB3D2805A1CF00F2F455 /* Build configuration list for PBXProject "Productivity Timer" */ = {
			isa = XCConfigurationList;
			buildConfigurations = (
				FF71FB6A2805A1D100F2F455 /* Debug */,
				FF71FB6B2805A1D100F2F455 /* Release */,
			);
			defaultConfigurationIsVisible = 0;
			defaultConfigurationName = Release;
		};
		FF71FB6C2805A1D100F2F455 /* Build configuration list for PBXNativeTarget "Productivity Timer" */ = {
			isa = XCConfigurationList;
			buildConfigurations = (
				FF71FB6D2805A1D100F2F455 /* Debug */,
				FF71FB6E2805A1D100F2F455 /* Release */,
			);
			defaultConfigurationIsVisible = 0;
			defaultConfigurationName = Release;
		};
		FF71FB6F2805A1D100F2F455 /* Build configuration list for PBXNativeTarget "Productivity TimerTests" */ = {
			isa = XCConfigurationList;
			buildConfigurations = (
				FF71FB702805A1D100F2F455 /* Debug */,
				FF71FB712805A1D100F2F455 /* Release */,
			);
			defaultConfigurationIsVisible = 0;
			defaultConfigurationName = Release;
		};
		FF71FB722805A1D100F2F455 /* Build configuration list for PBXNativeTarget "Productivity TimerUITests" */ = {
			isa = XCConfigurationList;
			buildConfigurations = (
				FF71FB732805A1D100F2F455 /* Debug */,
				FF71FB742805A1D100F2F455 /* Release */,
			);
			defaultConfigurationIsVisible = 0;
			defaultConfigurationName = Release;
		};
/* End XCConfigurationList section */
	};
	rootObject = FF71FB3A2805A1CF00F2F455 /* Project object */;
}
