{
  "object": {
    "pins": [
      {
        "package": "RealmDatabase",
        "repositoryURL": "https://github.com/realm/realm-core",
        "state": {
          "branch": null,
          "revision": "ab2b4947cd559746c775a3024972c5a9a09c47ba",
          "version": "12.4.0"
        }
      }
    ]
  },
  "version": 1
}
